
Microsoft Visual Studio Solution File, Format Version 12.00
# Visual Studio Version 17
VisualStudioVersion = 17.13.35931.197 d17.13
MinimumVisualStudioVersion = 10.0.40219.1
Project("{FAE04EC0-301F-11D3-BF4B-00C04F79EFBC}") = "TallerMecanicoApi", "TallerMecanicoApi\TallerMecanicoApi.csproj", "{BC99F3F0-7E9E-4A81-BB0F-A881FAA57AB0}"
EndProject
Global
	GlobalSection(SolutionConfigurationPlatforms) = preSolution
		Debug|Any CPU = Debug|Any CPU
		Release|Any CPU = Release|Any CPU
	EndGlobalSection
	GlobalSection(ProjectConfigurationPlatforms) = postSolution
		{BC99F3F0-7E9E-4A81-BB0F-A881FAA57AB0}.Debug|Any CPU.ActiveCfg = Debug|Any CPU
		{BC99F3F0-7E9E-4A81-BB0F-A881FAA57AB0}.Debug|Any CPU.Build.0 = Debug|Any CPU
		{BC99F3F0-7E9E-4A81-BB0F-A881FAA57AB0}.Release|Any CPU.ActiveCfg = Release|Any CPU
		{BC99F3F0-7E9E-4A81-BB0F-A881FAA57AB0}.Release|Any CPU.Build.0 = Release|Any CPU
	EndGlobalSection
	GlobalSection(SolutionProperties) = preSolution
		HideSolutionNode = FALSE
	EndGlobalSection
	GlobalSection(ExtensibilityGlobals) = postSolution
		SolutionGuid = {8BBA441D-FA1F-4732-82B1-257BAA750740}
	EndGlobalSection
EndGlobal
